// !$*UTF8*$!
{
	archiveVersion = 1;
	classes = {
	};
	objectVersion = 46;
	objects = {

/* Begin PBXBuildFile section */
		677D19D21E33A8A700DABA97 /* main.m in Sources */ = {isa = PBXBuildFile; fileRef = 677D19D11E33A8A700DABA97 /* main.m */; };
		677D19D51E33A8A700DABA97 /* AppDelegate.m in Sources */ = {isa = PBXBuildFile; fileRef = 677D19D41E33A8A700DABA97 /* AppDelegate.m */; };
		677D19D81E33A8A700DABA97 /* ViewController.m in Sources */ = {isa = PBXBuildFile; fileRef = 677D19D71E33A8A700DABA97 /* ViewController.m */; };
		677D19DB1E33A8A700DABA97 /* Main.storyboard in Resources */ = {isa = PBXBuildFile; fileRef = 677D19D91E33A8A700DABA97 /* Main.storyboard */; };
		677D19DD1E33A8A700DABA97 /* Assets.xcassets in Resources */ = {isa = PBXBuildFile; fileRef = 677D19DC1E33A8A700DABA97 /* Assets.xcassets */; };
		677D19E01E33A8A700DABA97 /* LaunchScreen.storyboard in Resources */ = {isa = PBXBuildFile; fileRef = 677D19DE1E33A8A700DABA97 /* LaunchScreen.storyboard */; };
/* End PBXBuildFile section */

/* Begin PBXFileReference section */
		677D19CD1E33A8A700DABA97 /* RayWTutorialPart2.app */ = {isa = PBXFileReference; explicitFileType = wrapper.application; includeInIndex = 0; path = RayWTutorialPart2.app; sourceTree = BUILT_PRODUCTS_DIR; };
		677D19D11E33A8A700DABA97 /* main.m */ = {isa = PBXFileReference; lastKnownFileType = sourcecode.c.objc; path = main.m; sourceTree = "<group>"; };
		677D19D31E33A8A700DABA97 /* AppDelegate.h */ = {isa = PBXFileReference; lastKnownFileType = sourcecode.c.h; path = AppDelegate.h; sourceTree = "<group>"; };
		677D19D41E33A8A700DABA97 /* AppDelegate.m */ = {isa = PBXFileReference; lastKnownFileType = sourcecode.c.objc; path = AppDelegate.m; sourceTree = "<group>"; };
		677D19D61E33A8A700DABA97 /* ViewController.h */ = {isa = PBXFileReference; lastKnownFileType = sourcecode.c.h; path = ViewController.h; sourceTree = "<group>"; };
		677D19D71E33A8A700DABA97 /* ViewController.m */ = {isa = PBXFileReference; lastKnownFileType = sourcecode.c.objc; path = ViewController.m; sourceTree = "<group>"; };
		677D19DA1E33A8A700DABA97 /* Base */ = {isa = PBXFileReference; lastKnownFileType = file.storyboard; name = Base; path = Base.lproj/Main.storyboard; sourceTree = "<group>"; };
		677D19DC1E33A8A700DABA97 /* Assets.xcassets */ = {isa = PBXFileReference; lastKnownFileType = folder.assetcatalog; path = Assets.xcassets; sourceTree = "<group>"; };
		677D19DF1E33A8A700DABA97 /* Base */ = {isa = PBXFileReference; lastKnownFileType = file.storyboard; name = Base; path = Base.lproj/LaunchScreen.storyboard; sourceTree = "<group>"; };
		677D19E11E33A8A700DABA97 /* Info.plist */ = {isa = PBXFileReference; lastKnownFileType = text.plist.xml; path = Info.plist; sourceTree = "<group>"; };
/* End PBXFileReference section */

/* Begin PBXFrameworksBuildPhase section */
		677D19CA1E33A8A700DABA97 /* Frameworks */ = {
			isa = PBXFrameworksBuildPhase;
			buildActionMask = 2147483647;
			files = (
			);
			runOnlyForDeploymentPostprocessing = 0;
		};
/* End PBXFrameworksBuildPhase section */

/* Begin PBXGroup section */
		677D19C41E33A8A700DABA97 = {
			isa = PBXGroup;
			children = (
				677D19CF1E33A8A700DABA97 /* RayWTutorialPart2 */,
				677D19CE1E33A8A700DABA97 /* Products */,
			);
			sourceTree = "<group>";
		};
		677D19CE1E33A8A700DABA97 /* Products */ = {
			isa = PBXGroup;
			children = (
				677D19CD1E33A8A700DABA97 /* RayWTutorialPart2.app */,
			);
			name = Products;
			sourceTree = "<group>";
		};
		677D19CF1E33A8A700DABA97 /* RayWTutorialPart2 */ = {
			isa = PBXGroup;
			children = (
				677D19D31E33A8A700DABA97 /* AppDelegate.h */,
				677D19D41E33A8A700DABA97 /* AppDelegate.m */,
				677D19D61E33A8A700DABA97 /* ViewController.h */,
				677D19D71E33A8A700DABA97 /* ViewController.m */,
				677D19D91E33A8A700DABA97 /* Main.storyboard */,
				677D19DC1E33A8A700DABA97 /* Assets.xcassets */,
				677D19DE1E33A8A700DABA97 /* LaunchScreen.storyboard */,
				677D19E11E33A8A700DABA97 /* Info.plist */,
				677D19D01E33A8A700DABA97 /* Supporting Files */,
			);
			path = RayWTutorialPart2;
			sourceTree = "<group>";
		};
		677D19D01E33A8A700DABA97 /* Supporting Files */ = {
			isa = PBXGroup;
			children = (
				677D19D11E33A8A700DABA97 /* main.m */,
			);
			name = "Supporting Files";
			sourceTree = "<group>";
		};
/* End PBXGroup section */

/* Begin PBXNativeTarget section */
		677D19CC1E33A8A700DABA97 /* RayWTutorialPart2 */ = {
			isa = PBXNativeTarget;
			buildConfigurationList = 677D19E41E33A8A700DABA97 /* Build configuration list for PBXNativeTarget "RayWTutorialPart2" */;
			buildPhases = (
				677D19C91E33A8A700DABA97 /* Sources */,
				677D19CA1E33A8A700DABA97 /* Frameworks */,
				677D19CB1E33A8A700DABA97 /* Resources */,
			);
			buildRules = (
			);
			dependencies = (
			);
			name = RayWTutorialPart2;
			productName = RayWTutorialPart2;
			productReference = 677D19CD1E33A8A700DABA97 /* RayWTutorialPart2.app */;
			productType = "com.apple.product-type.application";
		};
/* End PBXNativeTarget section */

/* Begin PBXProject section */
		677D19C51E33A8A700DABA97 /* Project object */ = {
			isa = PBXProject;
			attributes = {
				LastUpgradeCheck = 0820;
				ORGANIZATIONNAME = "Angie Linton";
				TargetAttributes = {
					677D19CC1E33A8A700DABA97 = {
						CreatedOnToolsVersion = 8.2.1;
						DevelopmentTeam = 36E8Z2MK88;
						ProvisioningStyle = Automatic;
					};
				};
			};
			buildConfigurationList = 677D19C81E33A8A700DABA97 /* Build configuration list for PBXProject "RayWTutorialPart2" */;
			compatibilityVersion = "Xcode 3.2";
			developmentRegion = English;
			hasScannedForEncodings = 0;
			knownRegions = (
				en,
				Base,
			);
			mainGroup = 677D19C41E33A8A700DABA97;
			productRefGroup = 677D19CE1E33A8A700DABA97 /* Products */;
			projectDirPath = "";
			projectRoot = "";
			targets = (
				677D19CC1E33A8A700DABA97 /* RayWTutorialPart2 */,
			);
		};
/* End PBXProject section */

/* Begin PBXResourcesBuildPhase section */
		677D19CB1E33A8A700DABA97 /* Resources */ = {
			isa = PBXResourcesBuildPhase;
			buildActionMask = 2147483647;
			files = (
				677D19E01E33A8A700DABA97 /* LaunchScreen.storyboard in Resources */,
				677D19DD1E33A8A700DABA97 /* Assets.xcassets in Resources */,
				677D19DB1E33A8A700DABA97 /* Main.storyboard in Resources */,
			);
			runOnlyForDeploymentPostprocessing = 0;
		};
/* End PBXResourcesBuildPhase section */

/* Begin PBXSourcesBuildPhase section */
		677D19C91E33A8A700DABA97 /* Sources */ = {
			isa = PBXSourcesBuildPhase;
			buildActionMask = 2147483647;
			files = (
				677D19D81E33A8A700DABA97 /* ViewController.m in Sources */,
				677D19D51E33A8A700DABA97 /* AppDelegate.m in Sources */,
				677D19D21E33A8A700DABA97 /* main.m in Sources */,
			);
			runOnlyForDeploymentPostprocessing = 0;
		};
/* End PBXSourcesBuildPhase section */

/* Begin PBXVariantGroup section */
		677D19D91E33A8A700DABA97 /* Main.storyboard */ = {
			isa = PBXVariantGroup;
			children = (
				677D19DA1E33A8A700DABA97 /* Base */,
			);
			name = Main.storyboard;
			sourceTree = "<group>";
		};
		677D19DE1E33A8A700DABA97 /* LaunchScreen.storyboard */ = {
			isa = PBXVariantGroup;
			children = (
				677D19DF1E33A8A700DABA97 /* Base */,
			);
			name = LaunchScreen.storyboard;
			sourceTree = "<group>";
		};
/* End PBXVariantGroup section */

/* Begin XCBuildConfiguration section */
		677D19E21E33A8A700DABA97 /* Debug */ = {
			isa = XCBuildConfiguration;
			buildSettings = {
				ALWAYS_SEARCH_USER_PATHS = NO;
				CLANG_ANALYZER_NONNULL = YES;
				CLANG_CXX_LANGUAGE_STANDARD = "gnu++0x";
				CLANG_CXX_LIBRARY = "libc++";
				CLANG_ENABLE_MODULES = YES;
				CLANG_ENABLE_OBJC_ARC = YES;
				CLANG_WARN_BOOL_CONVERSION = YES;
				CLANG_WARN_CONSTANT_CONVERSION = YES;
				CLANG_WARN_DIRECT_OBJC_ISA_USAGE = YES_ERROR;
				CLANG_WARN_DOCUMENTATION_COMMENTS = YES;
				CLANG_WARN_EMPTY_BODY = YES;
				CLANG_WARN_ENUM_CONVERSION = YES;
				CLANG_WARN_INFINITE_RECURSION = YES;
				CLANG_WARN_INT_CONVERSION = YES;
				CLANG_WARN_OBJC_ROOT_CLASS = YES_ERROR;
				CLANG_WARN_SUSPICIOUS_MOVE = YES;
				CLANG_WARN_UNREACHABLE_CODE = YES;
				CLANG_WARN__DUPLICATE_METHOD_MATCH = YES;
				"CODE_SIGN_IDENTITY[sdk=iphoneos*]" = "iPhone Developer";
				COPY_PHASE_STRIP = NO;
				DEBUG_INFORMATION_FORMAT = dwarf;
				ENABLE_STRICT_OBJC_MSGSEND = YES;
				ENABLE_TESTABILITY = YES;
				GCC_C_LANGUAGE_STANDARD = gnu99;
				GCC_DYNAMIC_NO_PIC = NO;
				GCC_NO_COMMON_BLOCKS = YES;
				GCC_OPTIMIZATION_LEVEL = 0;
				GCC_PREPROCESSOR_DEFINITIONS = (
					"DEBUG=1",
					"$(inherited)",
				);
				GCC_WARN_64_TO_32_BIT_CONVERSION = YES;
				GCC_WARN_ABOUT_RETURN_TYPE = YES_ERROR;
				GCC_WARN_UNDECLARED_SELECTOR = YES;
				GCC_WARN_UNINITIALIZED_AUTOS = YES_AGGRESSIVE;
				GCC_WARN_UNUSED_FUNCTION = YES;
				GCC_WARN_UNUSED_VARIABLE = YES;
				IPHONEOS_DEPLOYMENT_TARGET = 10.2;
				MTL_ENABLE_DEBUG_INFO = YES;
				ONLY_ACTIVE_ARCH = YES;
				SDKROOT = iphoneos;
			};
			name = Debug;
		};
		677D19E31E33A8A700DABA97 /* Release */ = {
			isa = XCBuildConfiguration;
			buildSettings = {
				ALWAYS_SEARCH_USER_PATHS = NO;
				CLANG_ANALYZER_NONNULL = YES;
				CLANG_CXX_LANGUAGE_STANDARD = "gnu++0x";
				CLANG_CXX_LIBRARY = "libc++";
				CLANG_ENABLE_MODULES = YES;
				CLANG_ENABLE_OBJC_ARC = YES;
				CLANG_WARN_BOOL_CONVERSION = YES;
				CLANG_WARN_CONSTANT_CONVERSION = YES;
				CLANG_WARN_DIRECT_OBJC_ISA_USAGE = YES_ERROR;
				CLANG_WARN_DOCUMENTATION_COMMENTS = YES;
				CLANG_WARN_EMPTY_BODY = YES;
				CLANG_WARN_ENUM_CONVERSION = YES;
				CLANG_WARN_INFINITE_RECURSION = YES;
				CLANG_WARN_INT_CONVERSION = YES;
				CLANG_WARN_OBJC_ROOT_CLASS = YES_ERROR;
				CLANG_WARN_SUSPICIOUS_MOVE = YES;
				CLANG_WARN_UNREACHABLE_CODE = YES;
				CLANG_WARN__DUPLICATE_METHOD_MATCH = YES;
				"CODE_SIGN_IDENTITY[sdk=iphoneos*]" = "iPhone Developer";
				COPY_PHASE_STRIP = NO;
				DEBUG_INFORMATION_FORMAT = "dwarf-with-dsym";
				ENABLE_NS_ASSERTIONS = NO;
				ENABLE_STRICT_OBJC_MSGSEND = YES;
				GCC_C_LANGUAGE_STANDARD = gnu99;
				GCC_NO_COMMON_BLOCKS = YES;
				GCC_WARN_64_TO_32_BIT_CONVERSION = YES;
				GCC_WARN_ABOUT_RETURN_TYPE = YES_ERROR;
				GCC_WARN_UNDECLARED_SELECTOR = YES;
				GCC_WARN_UNINITIALIZED_AUTOS = YES_AGGRESSIVE;
				GCC_WARN_UNUSED_FUNCTION = YES;
				GCC_WARN_UNUSED_VARIABLE = YES;
				IPHONEOS_DEPLOYMENT_TARGET = 10.2;
				MTL_ENABLE_DEBUG_INFO = NO;
				SDKROOT = iphoneos;
				VALIDATE_PRODUCT = YES;
			};
			name = Release;
		};
		677D19E51E33A8A700DABA97 /* Debug */ = {
			isa = XCBuildConfiguration;
			buildSettings = {
				ASSETCATALOG_COMPILER_APPICON_NAME = AppIcon;
				DEVELOPMENT_TEAM = 36E8Z2MK88;
				INFOPLIST_FILE = RayWTutorialPart2/Info.plist;
				LD_RUNPATH_SEARCH_PATHS = "$(inherited) @executable_path/Frameworks";
				PRODUCT_BUNDLE_IDENTIFIER = com.example.alinton.RayWTutorialPart2;
				PRODUCT_NAME = "$(TARGET_NAME)";
			};
			name = Debug;
		};
		677D19E61E33A8A700DABA97 /* Release */ = {
			isa = XCBuildConfiguration;
			buildSettings = {
				ASSETCATALOG_COMPILER_APPICON_NAME = AppIcon;
				DEVELOPMENT_TEAM = 36E8Z2MK88;
				INFOPLIST_FILE = RayWTutorialPart2/Info.plist;
				LD_RUNPATH_SEARCH_PATHS = "$(inherited) @executable_path/Frameworks";
				PRODUCT_BUNDLE_IDENTIFIER = com.example.alinton.RayWTutorialPart2;
				PRODUCT_NAME = "$(TARGET_NAME)";
			};
			name = Release;
		};
/* End XCBuildConfiguration section */

/* Begin XCConfigurationList section */
		677D19C81E33A8A700DABA97 /* Build configuration list for PBXProject "RayWTutorialPart2" */ = {
			isa = XCConfigurationList;
			buildConfigurations = (
				677D19E21E33A8A700DABA97 /* Debug */,
				677D19E31E33A8A700DABA97 /* Release */,
			);
			defaultConfigurationIsVisible = 0;
			defaultConfigurationName = Release;
		};
		677D19E41E33A8A700DABA97 /* Build configuration list for PBXNativeTarget "RayWTutorialPart2" */ = {
			isa = XCConfigurationList;
			buildConfigurations = (
				677D19E51E33A8A700DABA97 /* Debug */,
				677D19E61E33A8A700DABA97 /* Release */,
			);
			defaultConfigurationIsVisible = 0;
		};
/* End XCConfigurationList section */
	};
	rootObject = 677D19C51E33A8A700DABA97 /* Project object */;
}
